
Microsoft Visual Studio Solution File, Format Version 12.00
# Visual Studio Version 17
VisualStudioVersion = 17.0.31919.166
MinimumVisualStudioVersion = 10.0.40219.1
Project("{FAE04EC0-301F-11D3-BF4B-00C04F79EFBC}") = "WWSSE2021PP14_6679", "WWSSE2021PP14_6679\WWSSE2021PP14_6679.csproj", "{37BB8368-8678-4E95-B4A8-A001EA28E905}"
EndProject
Global
	GlobalSection(SolutionConfigurationPlatforms) = preSolution
		Debug|Any CPU = Debug|Any CPU
		Release|Any CPU = Release|Any CPU
	EndGlobalSection
	GlobalSection(ProjectConfigurationPlatforms) = postSolution
		{37BB8368-8678-4E95-B4A8-A001EA28E905}.Debug|Any CPU.ActiveCfg = Debug|Any CPU
		{37BB8368-8678-4E95-B4A8-A001EA28E905}.Debug|Any CPU.Build.0 = Debug|Any CPU
		{37BB8368-8678-4E95-B4A8-A001EA28E905}.Release|Any CPU.ActiveCfg = Release|Any CPU
		{37BB8368-8678-4E95-B4A8-A001EA28E905}.Release|Any CPU.Build.0 = Release|Any CPU
	EndGlobalSection
	GlobalSection(SolutionProperties) = preSolution
		HideSolutionNode = FALSE
	EndGlobalSection
	GlobalSection(ExtensibilityGlobals) = postSolution
		SolutionGuid = {235DFA72-6030-4EE6-AE01-83DD22CA0A10}
	EndGlobalSection
EndGlobal
